{
  "name": "bar-replay-parse",
  "version": "1.0.0",
  "lockfileVersion": 3,
  "requires": true,
  "packages": {
    "": {
      "name": "bar-replay-parse",
      "version": "1.0.0",
      "license": "ISC",
      "dependencies": {
        "sdfz-demo-parser": "^5.11.0"
      }
    },
    "node_modules/7zip-bin": {
      "version": "5.1.1",
      "resolved": "https://registry.npmjs.org/7zip-bin/-/7zip-bin-5.1.1.tgz",
      "integrity": "sha512-sAP4LldeWNz0lNzmTird3uWfFDWWTeg6V/MsmyyLR9X1idwKBWIgt/ZvinqQldJm3LecKEs1emkbquO6PCiLVQ=="
    },
    "node_modules/7zip-min": {
      "version": "1.4.5",
      "resolved": "https://registry.npmjs.org/7zip-min/-/7zip-min-1.4.5.tgz",
      "integrity": "sha512-S+FzNwJFKF5LgQYs+hPQo+qeffdi+259Ak63rWEfkHP9arsU8gbe5K+4HscuWN1ih1lP1gTjDNPddbU0qhPtHQ==",
      "dependencies": {
        "7zip-bin": "5.1.1"
      }
    },
    "node_modules/jaz-ts-utils": {
      "version": "6.3.2",
      "resolved": "https://registry.npmjs.org/jaz-ts-utils/-/jaz-ts-utils-6.3.2.tgz",
      "integrity": "sha512-2+5HNn+L9qfCt4QJwUj8n30niC5x9v7ctwjs3reEtV9InXVi861T8fE/e/iIKoLsAOFZT2S/OScHjLdRRqv97g==",
      "dependencies": {
        "7zip-min": "^1.4.3",
        "kysely": "^0.25.0"
      }
    },
    "node_modules/kysely": {
      "version": "0.25.0",
      "resolved": "https://registry.npmjs.org/kysely/-/kysely-0.25.0.tgz",
      "integrity": "sha512-srn0efIMu5IoEBk0tBmtGnoUss4uwvxtbFQWG/U2MosfqIace1l43IFP1PmEpHRDp+Z79xIcKEqmHH3dAvQdQA==",
      "engines": {
        "node": ">=14.0.0"
      }
    },
    "node_modules/node-gzip": {
      "version": "1.1.2",
      "resolved": "https://registry.npmjs.org/node-gzip/-/node-gzip-1.1.2.tgz",
      "integrity": "sha512-ZB6zWpfZHGtxZnPMrJSKHVPrRjURoUzaDbLFj3VO70mpLTW5np96vXyHwft4Id0o+PYIzgDkBUjIzaNHhQ8srw=="
    },
    "node_modules/sdfz-demo-parser": {
      "version": "5.11.0",
      "resolved": "https://registry.npmjs.org/sdfz-demo-parser/-/sdfz-demo-parser-5.11.0.tgz",
      "integrity": "sha512-AQmjrJg2nRstm2rteR57WuT+hqr/VdC2px6jWwdKqCtroKVIfVfjJuNN2h4p6RECzO2nsBs49Tl+MAuxiU31uw==",
      "dependencies": {
        "jaz-ts-utils": "^6.2.0",
        "node-gzip": "^1.1.2"
      }
    }
  }
}
